<?xml version="1.0" encoding="utf-8"?>
<Project ToolsVersion="4.0" xmlns="http://schemas.microsoft.com/developer/msbuild/2003">
  <ItemGroup>
    <Filter Include="Source Files">
      <UniqueIdentifier>{4FC737F1-C7A5-4376-A066-2A32D752A2FF}</UniqueIdentifier>
      <Extensions>cpp;c;cc;cxx;def;odl;idl;hpj;bat;asm;asmx</Extensions>
    </Filter>
    <Filter Include="Header Files">
      <UniqueIdentifier>{93995380-89BD-4b04-88EB-625FBE52EBFB}</UniqueIdentifier>
      <Extensions>h;hh;hpp;hxx;hm;inl;inc;xsd</Extensions>
    </Filter>
    <Filter Include="Resource Files">
      <UniqueIdentifier>{67DA6AB6-F800-4c08-8B7A-83BB121AAD01}</UniqueIdentifier>
      <Extensions>rc;ico;cur;bmp;dlg;rc2;rct;bin;rgs;gif;jpg;jpeg;jpe;resx;tiff;tif;png;wav;mfcribbon-ms</Extensions>
    </Filter>
    <Filter Include="Header Files\Command">
      <UniqueIdentifier>{705bad58-9e27-4a09-b793-edafd375e564}</UniqueIdentifier>
    </Filter>
    <Filter Include="Source Files\Command">
      <UniqueIdentifier>{e55d6916-10bf-4454-aae9-c5fab5f03457}</UniqueIdentifier>
    </Filter>
    <Filter Include="Header Files\PickSalami">
      <UniqueIdentifier>{c52927d9-7e62-408c-820f-5dcd4ea09ad1}</UniqueIdentifier>
    </Filter>
    <Filter Include="Source Files\PickSalami">
      <UniqueIdentifier>{bdb4a495-8560-465a-a30c-c8996de2e4dd}</UniqueIdentifier>
    </Filter>
    <Filter Include="Header Files\Behaviour">
      <UniqueIdentifier>{f88e742e-bc7c-433f-885e-6524a613f289}</UniqueIdentifier>
    </Filter>
    <Filter Include="Source Files\Behaviour">
      <UniqueIdentifier>{6514036a-d2fe-4e79-95c1-490f098ca160}</UniqueIdentifier>
    </Filter>
    <Filter Include="Header Files\Soldier">
      <UniqueIdentifier>{eda33015-97b3-4198-a8f7-53c99b061d44}</UniqueIdentifier>
    </Filter>
    <Filter Include="Source Files\Soldier">
      <UniqueIdentifier>{d604a0f8-bb8c-40f6-9b3a-be4d89633af3}</UniqueIdentifier>
    </Filter>
  </ItemGroup>
  <ItemGroup>
    <ClInclude Include="Player.h">
      <Filter>Header Files</Filter>
    </ClInclude>
    <ClInclude Include="Building.h">
      <Filter>Header Files</Filter>
    </ClInclude>
    <ClInclude Include="BuildCommand.h">
      <Filter>Header Files\Command</Filter>
    </ClInclude>
    <ClInclude Include="InputHandler.h">
      <Filter>Header Files\Command</Filter>
    </ClInclude>
    <ClInclude Include="Command.h">
      <Filter>Header Files\Command</Filter>
    </ClInclude>
    <ClInclude Include="SalamiMain.h">
      <Filter>Header Files\PickSalami</Filter>
    </ClInclude>
    <ClInclude Include="SpriteSpawner.h">
      <Filter>Header Files\PickSalami</Filter>
    </ClInclude>
    <ClInclude Include="TextWriter.h">
      <Filter>Header Files\PickSalami</Filter>
    </ClInclude>
    <ClInclude Include="ThemeTune.h">
      <Filter>Header Files\PickSalami</Filter>
    </ClInclude>
    <ClInclude Include="GameEntity.h">
      <Filter>Header Files</Filter>
    </ClInclude>
    <ClInclude Include="EntityPool.h">
      <Filter>Header Files</Filter>
    </ClInclude>
    <ClInclude Include="DEBUG.h">
      <Filter>Header Files</Filter>
    </ClInclude>
    <ClInclude Include="BackgroundBuilder.h">
      <Filter>Header Files</Filter>
    </ClInclude>
    <ClInclude Include="PixelArmy.h">
      <Filter>Header Files</Filter>
    </ClInclude>
    <ClInclude Include="AssetPool.h">
      <Filter>Header Files</Filter>
    </ClInclude>
    <ClInclude Include="CoordinateDefinitions.h">
      <Filter>Header Files</Filter>
    </ClInclude>
    <ClInclude Include="World.h">
      <Filter>Header Files</Filter>
    </ClInclude>
    <ClInclude Include="Behaviour.h">
      <Filter>Header Files\Behaviour</Filter>
    </ClInclude>
    <ClInclude Include="MoveOnAxisBehaviour.h">
      <Filter>Header Files\Behaviour</Filter>
    </ClInclude>
    <ClInclude Include="MoveToPointBehaviour.h">
      <Filter>Header Files\Behaviour</Filter>
    </ClInclude>
    <ClInclude Include="Player_Shared.h">
      <Filter>Header Files</Filter>
    </ClInclude>
    <ClInclude Include="FightBehaviour.h">
      <Filter>Header Files\Behaviour</Filter>
    </ClInclude>
    <ClInclude Include="FindTargetBehaviour.h">
      <Filter>Header Files\Behaviour</Filter>
    </ClInclude>
    <ClInclude Include="WinGameBehaviour.h">
      <Filter>Header Files\Behaviour</Filter>
    </ClInclude>
    <ClInclude Include="Soldier.h">
      <Filter>Header Files\Soldier</Filter>
    </ClInclude>
    <ClInclude Include="BehaviourComponent.h">
      <Filter>Header Files\Soldier</Filter>
    </ClInclude>
  </ItemGroup>
  <ItemGroup>
    <ClCompile Include="main.cpp">
      <Filter>Source Files</Filter>
    </ClCompile>
    <ClCompile Include="Player.cpp">
      <Filter>Source Files</Filter>
    </ClCompile>
    <ClCompile Include="Building.cpp">
      <Filter>Source Files</Filter>
    </ClCompile>
    <ClCompile Include="BuildCommand.cpp">
      <Filter>Source Files\Command</Filter>
    </ClCompile>
    <ClCompile Include="InputHandler.cpp">
      <Filter>Source Files\Command</Filter>
    </ClCompile>
    <ClCompile Include="Command.cpp">
      <Filter>Source Files\Command</Filter>
    </ClCompile>
    <ClCompile Include="SalamiMain.cpp">
      <Filter>Source Files\PickSalami</Filter>
    </ClCompile>
    <ClCompile Include="SpriteSpawner.cpp">
      <Filter>Source Files\PickSalami</Filter>
    </ClCompile>
    <ClCompile Include="TextWriter.cpp">
      <Filter>Source Files\PickSalami</Filter>
    </ClCompile>
    <ClCompile Include="ThemeTune.cpp">
      <Filter>Source Files\PickSalami</Filter>
    </ClCompile>
    <ClCompile Include="GameEntity.cpp">
      <Filter>Source Files</Filter>
    </ClCompile>
    <ClCompile Include="EntityPool.cpp">
      <Filter>Source Files</Filter>
    </ClCompile>
    <ClCompile Include="DEBUG.cpp">
      <Filter>Source Files</Filter>
    </ClCompile>
    <ClCompile Include="BackgroundBuilder.cpp">
      <Filter>Source Files</Filter>
    </ClCompile>
    <ClCompile Include="PixelArmy.cpp">
      <Filter>Source Files</Filter>
    </ClCompile>
    <ClCompile Include="AssetPool.cpp">
      <Filter>Source Files</Filter>
    </ClCompile>
    <ClCompile Include="CoordinateDefinitions.cpp">
      <Filter>Source Files</Filter>
    </ClCompile>
    <ClCompile Include="World.cpp">
      <Filter>Source Files</Filter>
    </ClCompile>
    <ClCompile Include="Behaviour.cpp">
      <Filter>Source Files\Behaviour</Filter>
    </ClCompile>
    <ClCompile Include="MoveOnAxisBehaviour.cpp">
      <Filter>Source Files\Behaviour</Filter>
    </ClCompile>
    <ClCompile Include="MoveToPointBehaviour.cpp">
      <Filter>Source Files\Behaviour</Filter>
    </ClCompile>
    <ClCompile Include="Player_Shared.cpp">
      <Filter>Source Files</Filter>
    </ClCompile>
    <ClCompile Include="FightBehaviour.cpp">
      <Filter>Source Files\Behaviour</Filter>
    </ClCompile>
    <ClCompile Include="FindTargetBehaviour.cpp">
      <Filter>Source Files\Behaviour</Filter>
    </ClCompile>
    <ClCompile Include="WinGameBehaviour.cpp">
      <Filter>Source Files\Behaviour</Filter>
    </ClCompile>
    <ClCompile Include="BehaviourComponent.cpp">
      <Filter>Source Files\Soldier</Filter>
    </ClCompile>
    <ClCompile Include="Soldier.cpp">
      <Filter>Source Files\Soldier</Filter>
    </ClCompile>
  </ItemGroup>
</Project>